
Microsoft Visual Studio Solution File, Format Version 12.00
# Visual Studio Version 17
VisualStudioVersion = 17.0.31912.275
MinimumVisualStudioVersion = 10.0.40219.1
Project("{FAE04EC0-301F-11D3-BF4B-00C04F79EFBC}") = "WebAdvert.Web", "WebAdvert.Web.csproj", "{5549FAA7-4B2D-4994-8DA8-BDB55024A7AF}"
EndProject
Global
	GlobalSection(SolutionConfigurationPlatforms) = preSolution
		Debug|Any CPU = Debug|Any CPU
		Release|Any CPU = Release|Any CPU
	EndGlobalSection
	GlobalSection(ProjectConfigurationPlatforms) = postSolution
		{5549FAA7-4B2D-4994-8DA8-BDB55024A7AF}.Debug|Any CPU.ActiveCfg = Debug|Any CPU
		{5549FAA7-4B2D-4994-8DA8-BDB55024A7AF}.Debug|Any CPU.Build.0 = Debug|Any CPU
		{5549FAA7-4B2D-4994-8DA8-BDB55024A7AF}.Release|Any CPU.ActiveCfg = Release|Any CPU
		{5549FAA7-4B2D-4994-8DA8-BDB55024A7AF}.Release|Any CPU.Build.0 = Release|Any CPU
	EndGlobalSection
	GlobalSection(SolutionProperties) = preSolution
		HideSolutionNode = FALSE
	EndGlobalSection
	GlobalSection(ExtensibilityGlobals) = postSolution
		SolutionGuid = {1F1284D4-3293-40EC-AD6F-A599667D619A}
	EndGlobalSection
EndGlobal
